// !$*UTF8*$!
{
	archiveVersion = 1;
	classes = {
	};
	objectVersion = 46;
	objects = {

/* Begin PBXBuildFile section */
		CEF44BAF1A7B421D00D08EA5 /* main.c in Sources */ = {isa = PBXBuildFile; fileRef = CEF44BAE1A7B421D00D08EA5 /* main.c */; };
		CEF44BB61A7B436E00D08EA5 /* Readme.md in Sources */ = {isa = PBXBuildFile; fileRef = CEF44BB51A7B436E00D08EA5 /* Readme.md */; };
		CEF44BB81A7B43C800D08EA5 /* libreadline.dylib in Frameworks */ = {isa = PBXBuildFile; fileRef = CEF44BB71A7B43C800D08EA5 /* libreadline.dylib */; };
/* End PBXBuildFile section */

/* Begin PBXCopyFilesBuildPhase section */
		CEF44BA91A7B421D00D08EA5 /* CopyFiles */ = {
			isa = PBXCopyFilesBuildPhase;
			buildActionMask = 2147483647;
			dstPath = /usr/share/man/man1/;
			dstSubfolderSpec = 0;
			files = (
			);
			runOnlyForDeploymentPostprocessing = 1;
		};
/* End PBXCopyFilesBuildPhase section */

/* Begin PBXFileReference section */
		CEF44BAB1A7B421D00D08EA5 /* ISBNValidator */ = {isa = PBXFileReference; explicitFileType = "compiled.mach-o.executable"; includeInIndex = 0; path = ISBNValidator; sourceTree = BUILT_PRODUCTS_DIR; };
		CEF44BAE1A7B421D00D08EA5 /* main.c */ = {isa = PBXFileReference; lastKnownFileType = sourcecode.c.c; path = main.c; sourceTree = "<group>"; };
		CEF44BB51A7B436E00D08EA5 /* Readme.md */ = {isa = PBXFileReference; fileEncoding = 4; lastKnownFileType = net.daringfireball.markdown; path = Readme.md; sourceTree = "<group>"; };
		CEF44BB71A7B43C800D08EA5 /* libreadline.dylib */ = {isa = PBXFileReference; lastKnownFileType = "compiled.mach-o.dylib"; name = libreadline.dylib; path = usr/lib/libreadline.dylib; sourceTree = SDKROOT; };
/* End PBXFileReference section */

/* Begin PBXFrameworksBuildPhase section */
		CEF44BA81A7B421D00D08EA5 /* Frameworks */ = {
			isa = PBXFrameworksBuildPhase;
			buildActionMask = 2147483647;
			files = (
				CEF44BB81A7B43C800D08EA5 /* libreadline.dylib in Frameworks */,
			);
			runOnlyForDeploymentPostprocessing = 0;
		};
/* End PBXFrameworksBuildPhase section */

/* Begin PBXGroup section */
		CEF44BA21A7B421D00D08EA5 = {
			isa = PBXGroup;
			children = (
				CEF44BB71A7B43C800D08EA5 /* libreadline.dylib */,
				CEF44BAD1A7B421D00D08EA5 /* ISBNValidator */,
				CEF44BAC1A7B421D00D08EA5 /* Products */,
			);
			sourceTree = "<group>";
		};
		CEF44BAC1A7B421D00D08EA5 /* Products */ = {
			isa = PBXGroup;
			children = (
				CEF44BAB1A7B421D00D08EA5 /* ISBNValidator */,
			);
			name = Products;
			sourceTree = "<group>";
		};
		CEF44BAD1A7B421D00D08EA5 /* ISBNValidator */ = {
			isa = PBXGroup;
			children = (
				CEF44BAE1A7B421D00D08EA5 /* main.c */,
				CEF44BB51A7B436E00D08EA5 /* Readme.md */,
			);
			path = ISBNValidator;
			sourceTree = "<group>";
		};
/* End PBXGroup section */

/* Begin PBXNativeTarget section */
		CEF44BAA1A7B421D00D08EA5 /* ISBNValidator */ = {
			isa = PBXNativeTarget;
			buildConfigurationList = CEF44BB21A7B421D00D08EA5 /* Build configuration list for PBXNativeTarget "ISBNValidator" */;
			buildPhases = (
				CEF44BA71A7B421D00D08EA5 /* Sources */,
				CEF44BA81A7B421D00D08EA5 /* Frameworks */,
				CEF44BA91A7B421D00D08EA5 /* CopyFiles */,
			);
			buildRules = (
			);
			dependencies = (
			);
			name = ISBNValidator;
			productName = ISBNValidator;
			productReference = CEF44BAB1A7B421D00D08EA5 /* ISBNValidator */;
			productType = "com.apple.product-type.tool";
		};
/* End PBXNativeTarget section */

/* Begin PBXProject section */
		CEF44BA31A7B421D00D08EA5 /* Project object */ = {
			isa = PBXProject;
			attributes = {
				LastUpgradeCheck = 0610;
				ORGANIZATIONNAME = blowtorch;
				TargetAttributes = {
					CEF44BAA1A7B421D00D08EA5 = {
						CreatedOnToolsVersion = 6.1.1;
					};
				};
			};
			buildConfigurationList = CEF44BA61A7B421D00D08EA5 /* Build configuration list for PBXProject "ISBNValidator" */;
			compatibilityVersion = "Xcode 3.2";
			developmentRegion = English;
			hasScannedForEncodings = 0;
			knownRegions = (
				en,
			);
			mainGroup = CEF44BA21A7B421D00D08EA5;
			productRefGroup = CEF44BAC1A7B421D00D08EA5 /* Products */;
			projectDirPath = "";
			projectRoot = "";
			targets = (
				CEF44BAA1A7B421D00D08EA5 /* ISBNValidator */,
			);
		};
/* End PBXProject section */

/* Begin PBXSourcesBuildPhase section */
		CEF44BA71A7B421D00D08EA5 /* Sources */ = {
			isa = PBXSourcesBuildPhase;
			buildActionMask = 2147483647;
			files = (
				CEF44BB61A7B436E00D08EA5 /* Readme.md in Sources */,
				CEF44BAF1A7B421D00D08EA5 /* main.c in Sources */,
			);
			runOnlyForDeploymentPostprocessing = 0;
		};
/* End PBXSourcesBuildPhase section */

/* Begin XCBuildConfiguration section */
		CEF44BB01A7B421D00D08EA5 /* Debug */ = {
			isa = XCBuildConfiguration;
			buildSettings = {
				ALWAYS_SEARCH_USER_PATHS = NO;
				CLANG_CXX_LANGUAGE_STANDARD = "gnu++0x";
				CLANG_CXX_LIBRARY = "libc++";
				CLANG_ENABLE_MODULES = YES;
				CLANG_ENABLE_OBJC_ARC = YES;
				CLANG_WARN_BOOL_CONVERSION = YES;
				CLANG_WARN_CONSTANT_CONVERSION = YES;
				CLANG_WARN_DIRECT_OBJC_ISA_USAGE = YES_ERROR;
				CLANG_WARN_EMPTY_BODY = YES;
				CLANG_WARN_ENUM_CONVERSION = YES;
				CLANG_WARN_INT_CONVERSION = YES;
				CLANG_WARN_OBJC_ROOT_CLASS = YES_ERROR;
				CLANG_WARN_UNREACHABLE_CODE = YES;
				CLANG_WARN__DUPLICATE_METHOD_MATCH = YES;
				COPY_PHASE_STRIP = NO;
				ENABLE_STRICT_OBJC_MSGSEND = YES;
				GCC_C_LANGUAGE_STANDARD = gnu99;
				GCC_DYNAMIC_NO_PIC = NO;
				GCC_OPTIMIZATION_LEVEL = 0;
				GCC_PREPROCESSOR_DEFINITIONS = (
					"DEBUG=1",
					"$(inherited)",
				);
				GCC_SYMBOLS_PRIVATE_EXTERN = NO;
				GCC_WARN_64_TO_32_BIT_CONVERSION = YES;
				GCC_WARN_ABOUT_RETURN_TYPE = YES_ERROR;
				GCC_WARN_UNDECLARED_SELECTOR = YES;
				GCC_WARN_UNINITIALIZED_AUTOS = YES_AGGRESSIVE;
				GCC_WARN_UNUSED_FUNCTION = YES;
				GCC_WARN_UNUSED_VARIABLE = YES;
				MACOSX_DEPLOYMENT_TARGET = 10.10;
				MTL_ENABLE_DEBUG_INFO = YES;
				ONLY_ACTIVE_ARCH = YES;
				SDKROOT = macosx;
			};
			name = Debug;
		};
		CEF44BB11A7B421D00D08EA5 /* Release */ = {
			isa = XCBuildConfiguration;
			buildSettings = {
				ALWAYS_SEARCH_USER_PATHS = NO;
				CLANG_CXX_LANGUAGE_STANDARD = "gnu++0x";
				CLANG_CXX_LIBRARY = "libc++";
				CLANG_ENABLE_MODULES = YES;
				CLANG_ENABLE_OBJC_ARC = YES;
				CLANG_WARN_BOOL_CONVERSION = YES;
				CLANG_WARN_CONSTANT_CONVERSION = YES;
				CLANG_WARN_DIRECT_OBJC_ISA_USAGE = YES_ERROR;
				CLANG_WARN_EMPTY_BODY = YES;
				CLANG_WARN_ENUM_CONVERSION = YES;
				CLANG_WARN_INT_CONVERSION = YES;
				CLANG_WARN_OBJC_ROOT_CLASS = YES_ERROR;
				CLANG_WARN_UNREACHABLE_CODE = YES;
				CLANG_WARN__DUPLICATE_METHOD_MATCH = YES;
				COPY_PHASE_STRIP = YES;
				DEBUG_INFORMATION_FORMAT = "dwarf-with-dsym";
				ENABLE_NS_ASSERTIONS = NO;
				ENABLE_STRICT_OBJC_MSGSEND = YES;
				GCC_C_LANGUAGE_STANDARD = gnu99;
				GCC_WARN_64_TO_32_BIT_CONVERSION = YES;
				GCC_WARN_ABOUT_RETURN_TYPE = YES_ERROR;
				GCC_WARN_UNDECLARED_SELECTOR = YES;
				GCC_WARN_UNINITIALIZED_AUTOS = YES_AGGRESSIVE;
				GCC_WARN_UNUSED_FUNCTION = YES;
				GCC_WARN_UNUSED_VARIABLE = YES;
				MACOSX_DEPLOYMENT_TARGET = 10.10;
				MTL_ENABLE_DEBUG_INFO = NO;
				SDKROOT = macosx;
			};
			name = Release;
		};
		CEF44BB31A7B421D00D08EA5 /* Debug */ = {
			isa = XCBuildConfiguration;
			buildSettings = {
				PRODUCT_NAME = "$(TARGET_NAME)";
			};
			name = Debug;
		};
		CEF44BB41A7B421D00D08EA5 /* Release */ = {
			isa = XCBuildConfiguration;
			buildSettings = {
				PRODUCT_NAME = "$(TARGET_NAME)";
			};
			name = Release;
		};
/* End XCBuildConfiguration section */

/* Begin XCConfigurationList section */
		CEF44BA61A7B421D00D08EA5 /* Build configuration list for PBXProject "ISBNValidator" */ = {
			isa = XCConfigurationList;
			buildConfigurations = (
				CEF44BB01A7B421D00D08EA5 /* Debug */,
				CEF44BB11A7B421D00D08EA5 /* Release */,
			);
			defaultConfigurationIsVisible = 0;
			defaultConfigurationName = Release;
		};
		CEF44BB21A7B421D00D08EA5 /* Build configuration list for PBXNativeTarget "ISBNValidator" */ = {
			isa = XCConfigurationList;
			buildConfigurations = (
				CEF44BB31A7B421D00D08EA5 /* Debug */,
				CEF44BB41A7B421D00D08EA5 /* Release */,
			);
			defaultConfigurationIsVisible = 0;
		};
/* End XCConfigurationList section */
	};
	rootObject = CEF44BA31A7B421D00D08EA5 /* Project object */;
}
